
Microsoft Visual Studio Solution File, Format Version 12.00
# Visual Studio Version 17
VisualStudioVersion = 17.9.34616.47
MinimumVisualStudioVersion = 10.0.40219.1
Project("{FAE04EC0-301F-11D3-BF4B-00C04F79EFBC}") = "Lab5tema", "Lab5tema\Lab5tema.csproj", "{806F2268-15A5-4139-A6F2-719615AA986F}"
EndProject
Global
	GlobalSection(SolutionConfigurationPlatforms) = preSolution
		Debug|Any CPU = Debug|Any CPU
		Release|Any CPU = Release|Any CPU
	EndGlobalSection
	GlobalSection(ProjectConfigurationPlatforms) = postSolution
		{806F2268-15A5-4139-A6F2-719615AA986F}.Debug|Any CPU.ActiveCfg = Debug|Any CPU
		{806F2268-15A5-4139-A6F2-719615AA986F}.Debug|Any CPU.Build.0 = Debug|Any CPU
		{806F2268-15A5-4139-A6F2-719615AA986F}.Release|Any CPU.ActiveCfg = Release|Any CPU
		{806F2268-15A5-4139-A6F2-719615AA986F}.Release|Any CPU.Build.0 = Release|Any CPU
	EndGlobalSection
	GlobalSection(SolutionProperties) = preSolution
		HideSolutionNode = FALSE
	EndGlobalSection
	GlobalSection(ExtensibilityGlobals) = postSolution
		SolutionGuid = {9B1E9578-28BC-4544-BCA7-9622452E3F81}
	EndGlobalSection
EndGlobal
